
Microsoft Visual Studio Solution File, Format Version 12.00
# Visual Studio Version 17
VisualStudioVersion = 17.4.33213.308
MinimumVisualStudioVersion = 10.0.40219.1
Project("{FAE04EC0-301F-11D3-BF4B-00C04F79EFBC}") = "laba5", "laba5\laba5.csproj", "{5D7C9DC5-0A25-47B4-B439-7916B0F22868}"
EndProject
Global
	GlobalSection(SolutionConfigurationPlatforms) = preSolution
		Debug|Any CPU = Debug|Any CPU
		Release|Any CPU = Release|Any CPU
	EndGlobalSection
	GlobalSection(ProjectConfigurationPlatforms) = postSolution
		{5D7C9DC5-0A25-47B4-B439-7916B0F22868}.Debug|Any CPU.ActiveCfg = Debug|Any CPU
		{5D7C9DC5-0A25-47B4-B439-7916B0F22868}.Debug|Any CPU.Build.0 = Debug|Any CPU
		{5D7C9DC5-0A25-47B4-B439-7916B0F22868}.Release|Any CPU.ActiveCfg = Release|Any CPU
		{5D7C9DC5-0A25-47B4-B439-7916B0F22868}.Release|Any CPU.Build.0 = Release|Any CPU
	EndGlobalSection
	GlobalSection(SolutionProperties) = preSolution
		HideSolutionNode = FALSE
	EndGlobalSection
	GlobalSection(ExtensibilityGlobals) = postSolution
		SolutionGuid = {AABB69BD-B248-415A-903F-5736D24DFD62}
	EndGlobalSection
EndGlobal
